
Microsoft Visual Studio Solution File, Format Version 12.00
# Visual Studio Version 16
VisualStudioVersion = 16.0.29519.87
MinimumVisualStudioVersion = 10.0.40219.1
Project("{FAE04EC0-301F-11D3-BF4B-00C04F79EFBC}") = "ISAD251WebApp", "ISAD251WebApp\ISAD251WebApp.csproj", "{FFDF945A-81CE-43E2-984E-5EF5641FE9FA}"
EndProject
Global
	GlobalSection(SolutionConfigurationPlatforms) = preSolution
		Debug|Any CPU = Debug|Any CPU
		Release|Any CPU = Release|Any CPU
	EndGlobalSection
	GlobalSection(ProjectConfigurationPlatforms) = postSolution
		{FFDF945A-81CE-43E2-984E-5EF5641FE9FA}.Debug|Any CPU.ActiveCfg = Debug|Any CPU
		{FFDF945A-81CE-43E2-984E-5EF5641FE9FA}.Debug|Any CPU.Build.0 = Debug|Any CPU
		{FFDF945A-81CE-43E2-984E-5EF5641FE9FA}.Release|Any CPU.ActiveCfg = Release|Any CPU
		{FFDF945A-81CE-43E2-984E-5EF5641FE9FA}.Release|Any CPU.Build.0 = Release|Any CPU
	EndGlobalSection
	GlobalSection(SolutionProperties) = preSolution
		HideSolutionNode = FALSE
	EndGlobalSection
	GlobalSection(ExtensibilityGlobals) = postSolution
		SolutionGuid = {3AA83575-02AB-4A9F-BAD4-6912F672E4E4}
	EndGlobalSection
EndGlobal
